
Microsoft Visual Studio Solution File, Format Version 12.00
# Visual Studio Version 17
VisualStudioVersion = 17.11.35222.181
MinimumVisualStudioVersion = 10.0.40219.1
Project("{FAE04EC0-301F-11D3-BF4B-00C04F79EFBC}") = "websitem", "websitem\websitem.csproj", "{C42DB518-8732-489D-8FB4-6384E780E9BC}"
EndProject
Global
	GlobalSection(SolutionConfigurationPlatforms) = preSolution
		Debug|Any CPU = Debug|Any CPU
		Release|Any CPU = Release|Any CPU
	EndGlobalSection
	GlobalSection(ProjectConfigurationPlatforms) = postSolution
		{C42DB518-8732-489D-8FB4-6384E780E9BC}.Debug|Any CPU.ActiveCfg = Debug|Any CPU
		{C42DB518-8732-489D-8FB4-6384E780E9BC}.Debug|Any CPU.Build.0 = Debug|Any CPU
		{C42DB518-8732-489D-8FB4-6384E780E9BC}.Release|Any CPU.ActiveCfg = Release|Any CPU
		{C42DB518-8732-489D-8FB4-6384E780E9BC}.Release|Any CPU.Build.0 = Release|Any CPU
	EndGlobalSection
	GlobalSection(SolutionProperties) = preSolution
		HideSolutionNode = FALSE
	EndGlobalSection
	GlobalSection(ExtensibilityGlobals) = postSolution
		SolutionGuid = {F724D64B-12EB-464D-BF32-5F65238995EE}
	EndGlobalSection
EndGlobal
